
Microsoft Visual Studio Solution File, Format Version 12.00
# Visual Studio Version 17
VisualStudioVersion = 17.3.32922.545
MinimumVisualStudioVersion = 10.0.40219.1
Project("{FAE04EC0-301F-11D3-BF4B-00C04F79EFBC}") = "SkippableTheoryAndMemberDataAndEmpty", "SkippableTheoryAndMemberDataAndEmpty\SkippableTheoryAndMemberDataAndEmpty.csproj", "{8460F9AD-8253-465F-AA28-73355F6A7476}"
EndProject
Global
	GlobalSection(SolutionConfigurationPlatforms) = preSolution
		Debug|Any CPU = Debug|Any CPU
		Release|Any CPU = Release|Any CPU
	EndGlobalSection
	GlobalSection(ProjectConfigurationPlatforms) = postSolution
		{8460F9AD-8253-465F-AA28-73355F6A7476}.Debug|Any CPU.ActiveCfg = Debug|Any CPU
		{8460F9AD-8253-465F-AA28-73355F6A7476}.Debug|Any CPU.Build.0 = Debug|Any CPU
		{8460F9AD-8253-465F-AA28-73355F6A7476}.Release|Any CPU.ActiveCfg = Release|Any CPU
		{8460F9AD-8253-465F-AA28-73355F6A7476}.Release|Any CPU.Build.0 = Release|Any CPU
	EndGlobalSection
	GlobalSection(SolutionProperties) = preSolution
		HideSolutionNode = FALSE
	EndGlobalSection
	GlobalSection(ExtensibilityGlobals) = postSolution
		SolutionGuid = {E672607E-BC18-40FF-B851-E23E6E0DE7DD}
	EndGlobalSection
EndGlobal
